
Microsoft Visual Studio Solution File, Format Version 12.00
# Visual Studio 2012
Project("{FAE04EC0-301F-11D3-BF4B-00C04F79EFBC}") = "1_Student", "1_Student\1_Student.csproj", "{AAC1BA51-F195-4BEA-B8CE-6E8DBB4E1500}"
EndProject
Project("{FAE04EC0-301F-11D3-BF4B-00C04F79EFBC}") = "4_Person", "4_Person\4_Person.csproj", "{ACEE8324-30DC-4B12-B004-E1AD1E7341CF}"
EndProject
Project("{FAE04EC0-301F-11D3-BF4B-00C04F79EFBC}") = "5_BitArray64", "5_BitArray64\5_BitArray64.csproj", "{FAA29986-2829-477A-9802-C528D4ED0E5E}"
EndProject
Project("{FAE04EC0-301F-11D3-BF4B-00C04F79EFBC}") = "6_BinarySearchTree", "6_BinarySearchTree\6_BinarySearchTree.csproj", "{643B8F5C-A014-4ABC-B7C2-F23F27D6FF14}"
EndProject
Global
	GlobalSection(SolutionConfigurationPlatforms) = preSolution
		Debug|Any CPU = Debug|Any CPU
		Release|Any CPU = Release|Any CPU
	EndGlobalSection
	GlobalSection(ProjectConfigurationPlatforms) = postSolution
		{AAC1BA51-F195-4BEA-B8CE-6E8DBB4E1500}.Debug|Any CPU.ActiveCfg = Debug|Any CPU
		{AAC1BA51-F195-4BEA-B8CE-6E8DBB4E1500}.Debug|Any CPU.Build.0 = Debug|Any CPU
		{AAC1BA51-F195-4BEA-B8CE-6E8DBB4E1500}.Release|Any CPU.ActiveCfg = Release|Any CPU
		{AAC1BA51-F195-4BEA-B8CE-6E8DBB4E1500}.Release|Any CPU.Build.0 = Release|Any CPU
		{ACEE8324-30DC-4B12-B004-E1AD1E7341CF}.Debug|Any CPU.ActiveCfg = Debug|Any CPU
		{ACEE8324-30DC-4B12-B004-E1AD1E7341CF}.Debug|Any CPU.Build.0 = Debug|Any CPU
		{ACEE8324-30DC-4B12-B004-E1AD1E7341CF}.Release|Any CPU.ActiveCfg = Release|Any CPU
		{ACEE8324-30DC-4B12-B004-E1AD1E7341CF}.Release|Any CPU.Build.0 = Release|Any CPU
		{FAA29986-2829-477A-9802-C528D4ED0E5E}.Debug|Any CPU.ActiveCfg = Debug|Any CPU
		{FAA29986-2829-477A-9802-C528D4ED0E5E}.Debug|Any CPU.Build.0 = Debug|Any CPU
		{FAA29986-2829-477A-9802-C528D4ED0E5E}.Release|Any CPU.ActiveCfg = Release|Any CPU
		{FAA29986-2829-477A-9802-C528D4ED0E5E}.Release|Any CPU.Build.0 = Release|Any CPU
		{643B8F5C-A014-4ABC-B7C2-F23F27D6FF14}.Debug|Any CPU.ActiveCfg = Debug|Any CPU
		{643B8F5C-A014-4ABC-B7C2-F23F27D6FF14}.Debug|Any CPU.Build.0 = Debug|Any CPU
		{643B8F5C-A014-4ABC-B7C2-F23F27D6FF14}.Release|Any CPU.ActiveCfg = Release|Any CPU
		{643B8F5C-A014-4ABC-B7C2-F23F27D6FF14}.Release|Any CPU.Build.0 = Release|Any CPU
	EndGlobalSection
	GlobalSection(SolutionProperties) = preSolution
		HideSolutionNode = FALSE
	EndGlobalSection
EndGlobal
